// !$*UTF8*$!
{
	archiveVersion = 1;
	classes = {
	};
	objectVersion = 77;
	objects = {

/* Begin PBXBuildFile section */
		750DD2A32D68C59A000F28CB /* Sharing in Frameworks */ = {isa = PBXBuildFile; productRef = 750DD2A22D68C59A000F28CB /* Sharing */; };
		75C2CE4B2D6886DA0050B8FB /* Web3 in Frameworks */ = {isa = PBXBuildFile; productRef = 75C2CE4A2D6886DA0050B8FB /* Web3 */; };
		75C2CE4D2D6886DA0050B8FB /* Web3ContractABI in Frameworks */ = {isa = PBXBuildFile; productRef = 75C2CE4C2D6886DA0050B8FB /* Web3ContractABI */; };
/* End PBXBuildFile section */

/* Begin PBXContainerItemProxy section */
		75C2CE2D2D6886830050B8FB /* PBXContainerItemProxy */ = {
			isa = PBXContainerItemProxy;
			containerPortal = 75C2CE142D6886810050B8FB /* Project object */;
			proxyType = 1;
			remoteGlobalIDString = 75C2CE1B2D6886810050B8FB;
			remoteInfo = Banter;
		};
/* End PBXContainerItemProxy section */

/* Begin PBXFileReference section */
		75C2CE1C2D6886810050B8FB /* Banter.app */ = {isa = PBXFileReference; explicitFileType = wrapper.application; includeInIndex = 0; path = Banter.app; sourceTree = BUILT_PRODUCTS_DIR; };
		75C2CE2C2D6886830050B8FB /* BanterTests.xctest */ = {isa = PBXFileReference; explicitFileType = wrapper.cfbundle; includeInIndex = 0; path = BanterTests.xctest; sourceTree = BUILT_PRODUCTS_DIR; };
/* End PBXFileReference section */

/* Begin PBXFileSystemSynchronizedRootGroup section */
		75C2CE1E2D6886810050B8FB /* Banter */ = {
			isa = PBXFileSystemSynchronizedRootGroup;
			path = Banter;
			sourceTree = "<group>";
		};
		75C2CE2F2D6886830050B8FB /* BanterTests */ = {
			isa = PBXFileSystemSynchronizedRootGroup;
			path = BanterTests;
			sourceTree = "<group>";
		};
/* End PBXFileSystemSynchronizedRootGroup section */

/* Begin PBXFrameworksBuildPhase section */
		75C2CE192D6886810050B8FB /* Frameworks */ = {
			isa = PBXFrameworksBuildPhase;
			buildActionMask = 2147483647;
			files = (
				750DD2A32D68C59A000F28CB /* Sharing in Frameworks */,
				75C2CE4D2D6886DA0050B8FB /* Web3ContractABI in Frameworks */,
				75C2CE4B2D6886DA0050B8FB /* Web3 in Frameworks */,
			);
			runOnlyForDeploymentPostprocessing = 0;
		};
		75C2CE292D6886830050B8FB /* Frameworks */ = {
			isa = PBXFrameworksBuildPhase;
			buildActionMask = 2147483647;
			files = (
			);
			runOnlyForDeploymentPostprocessing = 0;
		};
/* End PBXFrameworksBuildPhase section */

/* Begin PBXGroup section */
		750DD2A12D68C59A000F28CB /* Frameworks */ = {
			isa = PBXGroup;
			children = (
			);
			name = Frameworks;
			sourceTree = "<group>";
		};
		75C2CE132D6886810050B8FB = {
			isa = PBXGroup;
			children = (
				75C2CE1E2D6886810050B8FB /* Banter */,
				75C2CE2F2D6886830050B8FB /* BanterTests */,
				750DD2A12D68C59A000F28CB /* Frameworks */,
				75C2CE1D2D6886810050B8FB /* Products */,
			);
			sourceTree = "<group>";
		};
		75C2CE1D2D6886810050B8FB /* Products */ = {
			isa = PBXGroup;
			children = (
				75C2CE1C2D6886810050B8FB /* Banter.app */,
				75C2CE2C2D6886830050B8FB /* BanterTests.xctest */,
			);
			name = Products;
			sourceTree = "<group>";
		};
/* End PBXGroup section */

/* Begin PBXNativeTarget section */
		75C2CE1B2D6886810050B8FB /* Banter */ = {
			isa = PBXNativeTarget;
			buildConfigurationList = 75C2CE402D6886830050B8FB /* Build configuration list for PBXNativeTarget "Banter" */;
			buildPhases = (
				75C2CE182D6886810050B8FB /* Sources */,
				75C2CE192D6886810050B8FB /* Frameworks */,
				75C2CE1A2D6886810050B8FB /* Resources */,
			);
			buildRules = (
			);
			dependencies = (
			);
			fileSystemSynchronizedGroups = (
				75C2CE1E2D6886810050B8FB /* Banter */,
			);
			name = Banter;
			packageProductDependencies = (
				75C2CE4A2D6886DA0050B8FB /* Web3 */,
				75C2CE4C2D6886DA0050B8FB /* Web3ContractABI */,
				750DD2A22D68C59A000F28CB /* Sharing */,
			);
			productName = Banter;
			productReference = 75C2CE1C2D6886810050B8FB /* Banter.app */;
			productType = "com.apple.product-type.application";
		};
		75C2CE2B2D6886830050B8FB /* BanterTests */ = {
			isa = PBXNativeTarget;
			buildConfigurationList = 75C2CE432D6886830050B8FB /* Build configuration list for PBXNativeTarget "BanterTests" */;
			buildPhases = (
				75C2CE282D6886830050B8FB /* Sources */,
				75C2CE292D6886830050B8FB /* Frameworks */,
				75C2CE2A2D6886830050B8FB /* Resources */,
			);
			buildRules = (
			);
			dependencies = (
				75C2CE2E2D6886830050B8FB /* PBXTargetDependency */,
			);
			fileSystemSynchronizedGroups = (
				75C2CE2F2D6886830050B8FB /* BanterTests */,
			);
			name = BanterTests;
			packageProductDependencies = (
			);
			productName = BanterTests;
			productReference = 75C2CE2C2D6886830050B8FB /* BanterTests.xctest */;
			productType = "com.apple.product-type.bundle.unit-test";
		};
/* End PBXNativeTarget section */

/* Begin PBXProject section */
		75C2CE142D6886810050B8FB /* Project object */ = {
			isa = PBXProject;
			attributes = {
				BuildIndependentTargetsInParallel = 1;
				LastSwiftUpdateCheck = 1620;
				LastUpgradeCheck = 1620;
				TargetAttributes = {
					75C2CE1B2D6886810050B8FB = {
						CreatedOnToolsVersion = 16.2;
					};
					75C2CE2B2D6886830050B8FB = {
						CreatedOnToolsVersion = 16.2;
						TestTargetID = 75C2CE1B2D6886810050B8FB;
					};
				};
			};
			buildConfigurationList = 75C2CE172D6886810050B8FB /* Build configuration list for PBXProject "Banter" */;
			developmentRegion = en;
			hasScannedForEncodings = 0;
			knownRegions = (
				en,
				Base,
			);
			mainGroup = 75C2CE132D6886810050B8FB;
			minimizedProjectReferenceProxies = 1;
			packageReferences = (
				75C2CE492D6886DA0050B8FB /* XCRemoteSwiftPackageReference "Web3.swift" */,
				750DD2A02D68C57A000F28CB /* XCRemoteSwiftPackageReference "swift-sharing" */,
			);
			preferredProjectObjectVersion = 77;
			productRefGroup = 75C2CE1D2D6886810050B8FB /* Products */;
			projectDirPath = "";
			projectRoot = "";
			targets = (
				75C2CE1B2D6886810050B8FB /* Banter */,
				75C2CE2B2D6886830050B8FB /* BanterTests */,
			);
		};
/* End PBXProject section */

/* Begin PBXResourcesBuildPhase section */
		75C2CE1A2D6886810050B8FB /* Resources */ = {
			isa = PBXResourcesBuildPhase;
			buildActionMask = 2147483647;
			files = (
			);
			runOnlyForDeploymentPostprocessing = 0;
		};
		75C2CE2A2D6886830050B8FB /* Resources */ = {
			isa = PBXResourcesBuildPhase;
			buildActionMask = 2147483647;
			files = (
			);
			runOnlyForDeploymentPostprocessing = 0;
		};
/* End PBXResourcesBuildPhase section */

/* Begin PBXSourcesBuildPhase section */
		75C2CE182D6886810050B8FB /* Sources */ = {
			isa = PBXSourcesBuildPhase;
			buildActionMask = 2147483647;
			files = (
			);
			runOnlyForDeploymentPostprocessing = 0;
		};
		75C2CE282D6886830050B8FB /* Sources */ = {
			isa = PBXSourcesBuildPhase;
			buildActionMask = 2147483647;
			files = (
			);
			runOnlyForDeploymentPostprocessing = 0;
		};
/* End PBXSourcesBuildPhase section */

/* Begin PBXTargetDependency section */
		75C2CE2E2D6886830050B8FB /* PBXTargetDependency */ = {
			isa = PBXTargetDependency;
			target = 75C2CE1B2D6886810050B8FB /* Banter */;
			targetProxy = 75C2CE2D2D6886830050B8FB /* PBXContainerItemProxy */;
		};
/* End PBXTargetDependency section */

/* Begin XCBuildConfiguration section */
		75C2CE3E2D6886830050B8FB /* Debug */ = {
			isa = XCBuildConfiguration;
			buildSettings = {
				ALWAYS_SEARCH_USER_PATHS = NO;
				ASSETCATALOG_COMPILER_GENERATE_SWIFT_ASSET_SYMBOL_EXTENSIONS = YES;
				CLANG_ANALYZER_NONNULL = YES;
				CLANG_ANALYZER_NUMBER_OBJECT_CONVERSION = YES_AGGRESSIVE;
				CLANG_CXX_LANGUAGE_STANDARD = "gnu++20";
				CLANG_ENABLE_MODULES = YES;
				CLANG_ENABLE_OBJC_ARC = YES;
				CLANG_ENABLE_OBJC_WEAK = YES;
				CLANG_WARN_BLOCK_CAPTURE_AUTORELEASING = YES;
				CLANG_WARN_BOOL_CONVERSION = YES;
				CLANG_WARN_COMMA = YES;
				CLANG_WARN_CONSTANT_CONVERSION = YES;
				CLANG_WARN_DEPRECATED_OBJC_IMPLEMENTATIONS = YES;
				CLANG_WARN_DIRECT_OBJC_ISA_USAGE = YES_ERROR;
				CLANG_WARN_DOCUMENTATION_COMMENTS = YES;
				CLANG_WARN_EMPTY_BODY = YES;
				CLANG_WARN_ENUM_CONVERSION = YES;
				CLANG_WARN_INFINITE_RECURSION = YES;
				CLANG_WARN_INT_CONVERSION = YES;
				CLANG_WARN_NON_LITERAL_NULL_CONVERSION = YES;
				CLANG_WARN_OBJC_IMPLICIT_RETAIN_SELF = YES;
				CLANG_WARN_OBJC_LITERAL_CONVERSION = YES;
				CLANG_WARN_OBJC_ROOT_CLASS = YES_ERROR;
				CLANG_WARN_QUOTED_INCLUDE_IN_FRAMEWORK_HEADER = YES;
				CLANG_WARN_RANGE_LOOP_ANALYSIS = YES;
				CLANG_WARN_STRICT_PROTOTYPES = YES;
				CLANG_WARN_SUSPICIOUS_MOVE = YES;
				CLANG_WARN_UNGUARDED_AVAILABILITY = YES_AGGRESSIVE;
				CLANG_WARN_UNREACHABLE_CODE = YES;
				CLANG_WARN__DUPLICATE_METHOD_MATCH = YES;
				COPY_PHASE_STRIP = NO;
				DEBUG_INFORMATION_FORMAT = dwarf;
				ENABLE_STRICT_OBJC_MSGSEND = YES;
				ENABLE_TESTABILITY = YES;
				ENABLE_USER_SCRIPT_SANDBOXING = YES;
				GCC_C_LANGUAGE_STANDARD = gnu17;
				GCC_DYNAMIC_NO_PIC = NO;
				GCC_NO_COMMON_BLOCKS = YES;
				GCC_OPTIMIZATION_LEVEL = 0;
				GCC_PREPROCESSOR_DEFINITIONS = (
					"DEBUG=1",
					"$(inherited)",
				);
				GCC_WARN_64_TO_32_BIT_CONVERSION = YES;
				GCC_WARN_ABOUT_RETURN_TYPE = YES_ERROR;
				GCC_WARN_UNDECLARED_SELECTOR = YES;
				GCC_WARN_UNINITIALIZED_AUTOS = YES_AGGRESSIVE;
				GCC_WARN_UNUSED_FUNCTION = YES;
				GCC_WARN_UNUSED_VARIABLE = YES;
				IPHONEOS_DEPLOYMENT_TARGET = 18.2;
				LOCALIZATION_PREFERS_STRING_CATALOGS = YES;
				MTL_ENABLE_DEBUG_INFO = INCLUDE_SOURCE;
				MTL_FAST_MATH = YES;
				ONLY_ACTIVE_ARCH = YES;
				SDKROOT = iphoneos;
				SWIFT_ACTIVE_COMPILATION_CONDITIONS = "DEBUG $(inherited)";
				SWIFT_OPTIMIZATION_LEVEL = "-Onone";
			};
			name = Debug;
		};
		75C2CE3F2D6886830050B8FB /* Release */ = {
			isa = XCBuildConfiguration;
			buildSettings = {
				ALWAYS_SEARCH_USER_PATHS = NO;
				ASSETCATALOG_COMPILER_GENERATE_SWIFT_ASSET_SYMBOL_EXTENSIONS = YES;
				CLANG_ANALYZER_NONNULL = YES;
				CLANG_ANALYZER_NUMBER_OBJECT_CONVERSION = YES_AGGRESSIVE;
				CLANG_CXX_LANGUAGE_STANDARD = "gnu++20";
				CLANG_ENABLE_MODULES = YES;
				CLANG_ENABLE_OBJC_ARC = YES;
				CLANG_ENABLE_OBJC_WEAK = YES;
				CLANG_WARN_BLOCK_CAPTURE_AUTORELEASING = YES;
				CLANG_WARN_BOOL_CONVERSION = YES;
				CLANG_WARN_COMMA = YES;
				CLANG_WARN_CONSTANT_CONVERSION = YES;
				CLANG_WARN_DEPRECATED_OBJC_IMPLEMENTATIONS = YES;
				CLANG_WARN_DIRECT_OBJC_ISA_USAGE = YES_ERROR;
				CLANG_WARN_DOCUMENTATION_COMMENTS = YES;
				CLANG_WARN_EMPTY_BODY = YES;
				CLANG_WARN_ENUM_CONVERSION = YES;
				CLANG_WARN_INFINITE_RECURSION = YES;
				CLANG_WARN_INT_CONVERSION = YES;
				CLANG_WARN_NON_LITERAL_NULL_CONVERSION = YES;
				CLANG_WARN_OBJC_IMPLICIT_RETAIN_SELF = YES;
				CLANG_WARN_OBJC_LITERAL_CONVERSION = YES;
				CLANG_WARN_OBJC_ROOT_CLASS = YES_ERROR;
				CLANG_WARN_QUOTED_INCLUDE_IN_FRAMEWORK_HEADER = YES;
				CLANG_WARN_RANGE_LOOP_ANALYSIS = YES;
				CLANG_WARN_STRICT_PROTOTYPES = YES;
				CLANG_WARN_SUSPICIOUS_MOVE = YES;
				CLANG_WARN_UNGUARDED_AVAILABILITY = YES_AGGRESSIVE;
				CLANG_WARN_UNREACHABLE_CODE = YES;
				CLANG_WARN__DUPLICATE_METHOD_MATCH = YES;
				COPY_PHASE_STRIP = NO;
				DEBUG_INFORMATION_FORMAT = "dwarf-with-dsym";
				ENABLE_NS_ASSERTIONS = NO;
				ENABLE_STRICT_OBJC_MSGSEND = YES;
				ENABLE_USER_SCRIPT_SANDBOXING = YES;
				GCC_C_LANGUAGE_STANDARD = gnu17;
				GCC_NO_COMMON_BLOCKS = YES;
				GCC_WARN_64_TO_32_BIT_CONVERSION = YES;
				GCC_WARN_ABOUT_RETURN_TYPE = YES_ERROR;
				GCC_WARN_UNDECLARED_SELECTOR = YES;
				GCC_WARN_UNINITIALIZED_AUTOS = YES_AGGRESSIVE;
				GCC_WARN_UNUSED_FUNCTION = YES;
				GCC_WARN_UNUSED_VARIABLE = YES;
				IPHONEOS_DEPLOYMENT_TARGET = 18.2;
				LOCALIZATION_PREFERS_STRING_CATALOGS = YES;
				MTL_ENABLE_DEBUG_INFO = NO;
				MTL_FAST_MATH = YES;
				SDKROOT = iphoneos;
				SWIFT_COMPILATION_MODE = wholemodule;
				VALIDATE_PRODUCT = YES;
			};
			name = Release;
		};
		75C2CE412D6886830050B8FB /* Debug */ = {
			isa = XCBuildConfiguration;
			buildSettings = {
				ASSETCATALOG_COMPILER_APPICON_NAME = AppIcon;
				ASSETCATALOG_COMPILER_GLOBAL_ACCENT_COLOR_NAME = AccentColor;
				CODE_SIGN_STYLE = Automatic;
				CURRENT_PROJECT_VERSION = 1;
				DEVELOPMENT_ASSET_PATHS = "\"Banter/Preview Content\"";
				DEVELOPMENT_TEAM = UM3QPHF8E3;
				ENABLE_PREVIEWS = YES;
				GENERATE_INFOPLIST_FILE = YES;
				INFOPLIST_KEY_UIApplicationSceneManifest_Generation = YES;
				INFOPLIST_KEY_UIApplicationSupportsIndirectInputEvents = YES;
				INFOPLIST_KEY_UILaunchScreen_Generation = YES;
				INFOPLIST_KEY_UISupportedInterfaceOrientations_iPad = "UIInterfaceOrientationPortrait UIInterfaceOrientationPortraitUpsideDown UIInterfaceOrientationLandscapeLeft UIInterfaceOrientationLandscapeRight";
				INFOPLIST_KEY_UISupportedInterfaceOrientations_iPhone = "UIInterfaceOrientationPortrait UIInterfaceOrientationLandscapeLeft UIInterfaceOrientationLandscapeRight";
				IPHONEOS_DEPLOYMENT_TARGET = 17.5;
				LD_RUNPATH_SEARCH_PATHS = (
					"$(inherited)",
					"@executable_path/Frameworks",
				);
				MARKETING_VERSION = 1.0;
				PRODUCT_BUNDLE_IDENTIFIER = me.chenchik.Banter;
				PRODUCT_NAME = "$(TARGET_NAME)";
				SWIFT_EMIT_LOC_STRINGS = YES;
				SWIFT_VERSION = 5.0;
				TARGETED_DEVICE_FAMILY = "1,2";
			};
			name = Debug;
		};
		75C2CE422D6886830050B8FB /* Release */ = {
			isa = XCBuildConfiguration;
			buildSettings = {
				ASSETCATALOG_COMPILER_APPICON_NAME = AppIcon;
				ASSETCATALOG_COMPILER_GLOBAL_ACCENT_COLOR_NAME = AccentColor;
				CODE_SIGN_STYLE = Automatic;
				CURRENT_PROJECT_VERSION = 1;
				DEVELOPMENT_ASSET_PATHS = "\"Banter/Preview Content\"";
				DEVELOPMENT_TEAM = UM3QPHF8E3;
				ENABLE_PREVIEWS = YES;
				GENERATE_INFOPLIST_FILE = YES;
				INFOPLIST_KEY_UIApplicationSceneManifest_Generation = YES;
				INFOPLIST_KEY_UIApplicationSupportsIndirectInputEvents = YES;
				INFOPLIST_KEY_UILaunchScreen_Generation = YES;
				INFOPLIST_KEY_UISupportedInterfaceOrientations_iPad = "UIInterfaceOrientationPortrait UIInterfaceOrientationPortraitUpsideDown UIInterfaceOrientationLandscapeLeft UIInterfaceOrientationLandscapeRight";
				INFOPLIST_KEY_UISupportedInterfaceOrientations_iPhone = "UIInterfaceOrientationPortrait UIInterfaceOrientationLandscapeLeft UIInterfaceOrientationLandscapeRight";
				IPHONEOS_DEPLOYMENT_TARGET = 17.5;
				LD_RUNPATH_SEARCH_PATHS = (
					"$(inherited)",
					"@executable_path/Frameworks",
				);
				MARKETING_VERSION = 1.0;
				PRODUCT_BUNDLE_IDENTIFIER = me.chenchik.Banter;
				PRODUCT_NAME = "$(TARGET_NAME)";
				SWIFT_EMIT_LOC_STRINGS = YES;
				SWIFT_VERSION = 5.0;
				TARGETED_DEVICE_FAMILY = "1,2";
			};
			name = Release;
		};
		75C2CE442D6886830050B8FB /* Debug */ = {
			isa = XCBuildConfiguration;
			buildSettings = {
				BUNDLE_LOADER = "$(TEST_HOST)";
				CODE_SIGN_STYLE = Automatic;
				CURRENT_PROJECT_VERSION = 1;
				DEVELOPMENT_TEAM = UM3QPHF8E3;
				GENERATE_INFOPLIST_FILE = YES;
				IPHONEOS_DEPLOYMENT_TARGET = 18.2;
				MARKETING_VERSION = 1.0;
				PRODUCT_BUNDLE_IDENTIFIER = me.chenchik.BanterTests;
				PRODUCT_NAME = "$(TARGET_NAME)";
				SWIFT_EMIT_LOC_STRINGS = NO;
				SWIFT_VERSION = 5.0;
				TARGETED_DEVICE_FAMILY = "1,2";
				TEST_HOST = "$(BUILT_PRODUCTS_DIR)/Banter.app/$(BUNDLE_EXECUTABLE_FOLDER_PATH)/Banter";
			};
			name = Debug;
		};
		75C2CE452D6886830050B8FB /* Release */ = {
			isa = XCBuildConfiguration;
			buildSettings = {
				BUNDLE_LOADER = "$(TEST_HOST)";
				CODE_SIGN_STYLE = Automatic;
				CURRENT_PROJECT_VERSION = 1;
				DEVELOPMENT_TEAM = UM3QPHF8E3;
				GENERATE_INFOPLIST_FILE = YES;
				IPHONEOS_DEPLOYMENT_TARGET = 18.2;
				MARKETING_VERSION = 1.0;
				PRODUCT_BUNDLE_IDENTIFIER = me.chenchik.BanterTests;
				PRODUCT_NAME = "$(TARGET_NAME)";
				SWIFT_EMIT_LOC_STRINGS = NO;
				SWIFT_VERSION = 5.0;
				TARGETED_DEVICE_FAMILY = "1,2";
				TEST_HOST = "$(BUILT_PRODUCTS_DIR)/Banter.app/$(BUNDLE_EXECUTABLE_FOLDER_PATH)/Banter";
			};
			name = Release;
		};
/* End XCBuildConfiguration section */

/* Begin XCConfigurationList section */
		75C2CE172D6886810050B8FB /* Build configuration list for PBXProject "Banter" */ = {
			isa = XCConfigurationList;
			buildConfigurations = (
				75C2CE3E2D6886830050B8FB /* Debug */,
				75C2CE3F2D6886830050B8FB /* Release */,
			);
			defaultConfigurationIsVisible = 0;
			defaultConfigurationName = Release;
		};
		75C2CE402D6886830050B8FB /* Build configuration list for PBXNativeTarget "Banter" */ = {
			isa = XCConfigurationList;
			buildConfigurations = (
				75C2CE412D6886830050B8FB /* Debug */,
				75C2CE422D6886830050B8FB /* Release */,
			);
			defaultConfigurationIsVisible = 0;
			defaultConfigurationName = Release;
		};
		75C2CE432D6886830050B8FB /* Build configuration list for PBXNativeTarget "BanterTests" */ = {
			isa = XCConfigurationList;
			buildConfigurations = (
				75C2CE442D6886830050B8FB /* Debug */,
				75C2CE452D6886830050B8FB /* Release */,
			);
			defaultConfigurationIsVisible = 0;
			defaultConfigurationName = Release;
		};
/* End XCConfigurationList section */

/* Begin XCRemoteSwiftPackageReference section */
		750DD2A02D68C57A000F28CB /* XCRemoteSwiftPackageReference "swift-sharing" */ = {
			isa = XCRemoteSwiftPackageReference;
			repositoryURL = "https://github.com/pointfreeco/swift-sharing";
			requirement = {
				kind = upToNextMajorVersion;
				minimumVersion = 2.3.1;
			};
		};
		75C2CE492D6886DA0050B8FB /* XCRemoteSwiftPackageReference "Web3.swift" */ = {
			isa = XCRemoteSwiftPackageReference;
			repositoryURL = "https://github.com/Boilertalk/Web3.swift.git";
			requirement = {
				kind = upToNextMajorVersion;
				minimumVersion = 0.8.8;
			};
		};
/* End XCRemoteSwiftPackageReference section */

/* Begin XCSwiftPackageProductDependency section */
		750DD2A22D68C59A000F28CB /* Sharing */ = {
			isa = XCSwiftPackageProductDependency;
			package = 750DD2A02D68C57A000F28CB /* XCRemoteSwiftPackageReference "swift-sharing" */;
			productName = Sharing;
		};
		75C2CE4A2D6886DA0050B8FB /* Web3 */ = {
			isa = XCSwiftPackageProductDependency;
			package = 75C2CE492D6886DA0050B8FB /* XCRemoteSwiftPackageReference "Web3.swift" */;
			productName = Web3;
		};
		75C2CE4C2D6886DA0050B8FB /* Web3ContractABI */ = {
			isa = XCSwiftPackageProductDependency;
			package = 75C2CE492D6886DA0050B8FB /* XCRemoteSwiftPackageReference "Web3.swift" */;
			productName = Web3ContractABI;
		};
/* End XCSwiftPackageProductDependency section */
	};
	rootObject = 75C2CE142D6886810050B8FB /* Project object */;
}
